
Microsoft Visual Studio Solution File, Format Version 12.00
# Visual Studio Version 17
VisualStudioVersion = 17.11.35312.102
MinimumVisualStudioVersion = 10.0.40219.1
Project("{9A19103F-16F7-4668-BE54-9A1E7A4F7556}") = "BlazorWebassembly.Client", "BlazorWebassembly.Client\BlazorWebassembly.Client.csproj", "{E046A00A-C9EC-4777-BCA7-A99E47ADCB6C}"
EndProject
Project("{9A19103F-16F7-4668-BE54-9A1E7A4F7556}") = "Shop.Shared", "Shop.Shared\Shop.Shared.csproj", "{DE8C815D-E639-49D9-A9B9-14504EF3F3E1}"
EndProject
Project("{2150E333-8FDC-42A3-9474-1A3956D46DE8}") = "Solution Items", "Solution Items", "{27D8CD45-5825-4CDD-9E6E-45C2F71770D3}"
	ProjectSection(SolutionItems) = preProject
		Filter1.png = Filter1.png
		Filter2.png = Filter2.png
		podsumowanie.txt = podsumowanie.txt
		Search.png = Search.png
	EndProjectSection
EndProject
Project("{9A19103F-16F7-4668-BE54-9A1E7A4F7556}") = "Shop.API", "Shop.API\Shop.API.csproj", "{25ADB324-EC4B-454C-AEDF-3120E08ECD9E}"
EndProject
Project("{9A19103F-16F7-4668-BE54-9A1E7A4F7556}") = "Shop.DataSeeder", "Shop.DataSeeder\Shop.DataSeeder.csproj", "{6842A402-0CEA-403C-8411-2FFE13CC2597}"
EndProject
Project("{9A19103F-16F7-4668-BE54-9A1E7A4F7556}") = "Maui.Client", "Maui.Client\Maui.Client.csproj", "{3E81C95B-C88C-40BA-B562-CE718EC3783C}"
EndProject
Project("{FAE04EC0-301F-11D3-BF4B-00C04F79EFBC}") = "Maui.Client2", "Maui.Client2\Maui.Client2.csproj", "{D57395E5-7206-4888-9F33-B72324B24322}"
EndProject
Project("{FAE04EC0-301F-11D3-BF4B-00C04F79EFBC}") = "MauiBlazor.Client", "MauiBlazor.Client\MauiBlazor.Client.csproj", "{62BC4EA7-EBAF-416E-9A70-074B0D3225F7}"
EndProject
Project("{FAE04EC0-301F-11D3-BF4B-00C04F79EFBC}") = "Shop.WinForms", "Shop.WinForms\Shop.WinForms.csproj", "{D3A271D1-1A10-4BA3-B53E-C1A7E41704E7}"
EndProject
Project("{FAE04EC0-301F-11D3-BF4B-00C04F79EFBC}") = "BlazorApp1", "BlazorApp1\BlazorApp1.csproj", "{8C9FB81C-B048-477C-96D8-70161BA9C2EF}"
EndProject
Project("{FAE04EC0-301F-11D3-BF4B-00C04F79EFBC}") = "BlazorApp2", "BlazorApp2\BlazorApp2\BlazorApp2.csproj", "{DBBFA384-18EC-4E86-867A-1F4A2A566A10}"
EndProject
Project("{FAE04EC0-301F-11D3-BF4B-00C04F79EFBC}") = "BlazorApp2.Client", "BlazorApp2\BlazorApp2.Client\BlazorApp2.Client.csproj", "{31752C92-2715-4FE8-86F4-E5802A2C7160}"
EndProject
Project("{FAE04EC0-301F-11D3-BF4B-00C04F79EFBC}") = "BlazorApp3", "BlazorApp3\BlazorApp3\BlazorApp3.csproj", "{8E4F899D-A6A8-431A-B33E-77D85FF70EF9}"
EndProject
Project("{FAE04EC0-301F-11D3-BF4B-00C04F79EFBC}") = "BlazorApp3.Client", "BlazorApp3\BlazorApp3.Client\BlazorApp3.Client.csproj", "{AAD9D875-79B8-4A34-9354-47DA2A5CBEC8}"
EndProject
Global
	GlobalSection(SolutionConfigurationPlatforms) = preSolution
		Debug|Any CPU = Debug|Any CPU
		Release|Any CPU = Release|Any CPU
	EndGlobalSection
	GlobalSection(ProjectConfigurationPlatforms) = postSolution
		{E046A00A-C9EC-4777-BCA7-A99E47ADCB6C}.Debug|Any CPU.ActiveCfg = Debug|Any CPU
		{E046A00A-C9EC-4777-BCA7-A99E47ADCB6C}.Debug|Any CPU.Build.0 = Debug|Any CPU
		{E046A00A-C9EC-4777-BCA7-A99E47ADCB6C}.Release|Any CPU.ActiveCfg = Release|Any CPU
		{E046A00A-C9EC-4777-BCA7-A99E47ADCB6C}.Release|Any CPU.Build.0 = Release|Any CPU
		{DE8C815D-E639-49D9-A9B9-14504EF3F3E1}.Debug|Any CPU.ActiveCfg = Debug|Any CPU
		{DE8C815D-E639-49D9-A9B9-14504EF3F3E1}.Debug|Any CPU.Build.0 = Debug|Any CPU
		{DE8C815D-E639-49D9-A9B9-14504EF3F3E1}.Release|Any CPU.ActiveCfg = Release|Any CPU
		{DE8C815D-E639-49D9-A9B9-14504EF3F3E1}.Release|Any CPU.Build.0 = Release|Any CPU
		{25ADB324-EC4B-454C-AEDF-3120E08ECD9E}.Debug|Any CPU.ActiveCfg = Debug|Any CPU
		{25ADB324-EC4B-454C-AEDF-3120E08ECD9E}.Debug|Any CPU.Build.0 = Debug|Any CPU
		{25ADB324-EC4B-454C-AEDF-3120E08ECD9E}.Release|Any CPU.ActiveCfg = Release|Any CPU
		{25ADB324-EC4B-454C-AEDF-3120E08ECD9E}.Release|Any CPU.Build.0 = Release|Any CPU
		{6842A402-0CEA-403C-8411-2FFE13CC2597}.Debug|Any CPU.ActiveCfg = Debug|Any CPU
		{6842A402-0CEA-403C-8411-2FFE13CC2597}.Debug|Any CPU.Build.0 = Debug|Any CPU
		{6842A402-0CEA-403C-8411-2FFE13CC2597}.Release|Any CPU.ActiveCfg = Release|Any CPU
		{6842A402-0CEA-403C-8411-2FFE13CC2597}.Release|Any CPU.Build.0 = Release|Any CPU
		{3E81C95B-C88C-40BA-B562-CE718EC3783C}.Debug|Any CPU.ActiveCfg = Debug|Any CPU
		{3E81C95B-C88C-40BA-B562-CE718EC3783C}.Debug|Any CPU.Build.0 = Debug|Any CPU
		{3E81C95B-C88C-40BA-B562-CE718EC3783C}.Debug|Any CPU.Deploy.0 = Debug|Any CPU
		{3E81C95B-C88C-40BA-B562-CE718EC3783C}.Release|Any CPU.ActiveCfg = Release|Any CPU
		{3E81C95B-C88C-40BA-B562-CE718EC3783C}.Release|Any CPU.Build.0 = Release|Any CPU
		{3E81C95B-C88C-40BA-B562-CE718EC3783C}.Release|Any CPU.Deploy.0 = Release|Any CPU
		{D57395E5-7206-4888-9F33-B72324B24322}.Debug|Any CPU.ActiveCfg = Debug|Any CPU
		{D57395E5-7206-4888-9F33-B72324B24322}.Debug|Any CPU.Build.0 = Debug|Any CPU
		{D57395E5-7206-4888-9F33-B72324B24322}.Debug|Any CPU.Deploy.0 = Debug|Any CPU
		{D57395E5-7206-4888-9F33-B72324B24322}.Release|Any CPU.ActiveCfg = Release|Any CPU
		{D57395E5-7206-4888-9F33-B72324B24322}.Release|Any CPU.Build.0 = Release|Any CPU
		{D57395E5-7206-4888-9F33-B72324B24322}.Release|Any CPU.Deploy.0 = Release|Any CPU
		{62BC4EA7-EBAF-416E-9A70-074B0D3225F7}.Debug|Any CPU.ActiveCfg = Debug|Any CPU
		{62BC4EA7-EBAF-416E-9A70-074B0D3225F7}.Debug|Any CPU.Build.0 = Debug|Any CPU
		{62BC4EA7-EBAF-416E-9A70-074B0D3225F7}.Debug|Any CPU.Deploy.0 = Debug|Any CPU
		{62BC4EA7-EBAF-416E-9A70-074B0D3225F7}.Release|Any CPU.ActiveCfg = Release|Any CPU
		{62BC4EA7-EBAF-416E-9A70-074B0D3225F7}.Release|Any CPU.Build.0 = Release|Any CPU
		{62BC4EA7-EBAF-416E-9A70-074B0D3225F7}.Release|Any CPU.Deploy.0 = Release|Any CPU
		{D3A271D1-1A10-4BA3-B53E-C1A7E41704E7}.Debug|Any CPU.ActiveCfg = Debug|Any CPU
		{D3A271D1-1A10-4BA3-B53E-C1A7E41704E7}.Debug|Any CPU.Build.0 = Debug|Any CPU
		{D3A271D1-1A10-4BA3-B53E-C1A7E41704E7}.Release|Any CPU.ActiveCfg = Release|Any CPU
		{D3A271D1-1A10-4BA3-B53E-C1A7E41704E7}.Release|Any CPU.Build.0 = Release|Any CPU
		{8C9FB81C-B048-477C-96D8-70161BA9C2EF}.Debug|Any CPU.ActiveCfg = Debug|Any CPU
		{8C9FB81C-B048-477C-96D8-70161BA9C2EF}.Debug|Any CPU.Build.0 = Debug|Any CPU
		{8C9FB81C-B048-477C-96D8-70161BA9C2EF}.Release|Any CPU.ActiveCfg = Release|Any CPU
		{8C9FB81C-B048-477C-96D8-70161BA9C2EF}.Release|Any CPU.Build.0 = Release|Any CPU
		{DBBFA384-18EC-4E86-867A-1F4A2A566A10}.Debug|Any CPU.ActiveCfg = Debug|Any CPU
		{DBBFA384-18EC-4E86-867A-1F4A2A566A10}.Debug|Any CPU.Build.0 = Debug|Any CPU
		{DBBFA384-18EC-4E86-867A-1F4A2A566A10}.Release|Any CPU.ActiveCfg = Release|Any CPU
		{DBBFA384-18EC-4E86-867A-1F4A2A566A10}.Release|Any CPU.Build.0 = Release|Any CPU
		{31752C92-2715-4FE8-86F4-E5802A2C7160}.Debug|Any CPU.ActiveCfg = Debug|Any CPU
		{31752C92-2715-4FE8-86F4-E5802A2C7160}.Debug|Any CPU.Build.0 = Debug|Any CPU
		{31752C92-2715-4FE8-86F4-E5802A2C7160}.Release|Any CPU.ActiveCfg = Release|Any CPU
		{31752C92-2715-4FE8-86F4-E5802A2C7160}.Release|Any CPU.Build.0 = Release|Any CPU
		{8E4F899D-A6A8-431A-B33E-77D85FF70EF9}.Debug|Any CPU.ActiveCfg = Debug|Any CPU
		{8E4F899D-A6A8-431A-B33E-77D85FF70EF9}.Debug|Any CPU.Build.0 = Debug|Any CPU
		{8E4F899D-A6A8-431A-B33E-77D85FF70EF9}.Release|Any CPU.ActiveCfg = Release|Any CPU
		{8E4F899D-A6A8-431A-B33E-77D85FF70EF9}.Release|Any CPU.Build.0 = Release|Any CPU
		{AAD9D875-79B8-4A34-9354-47DA2A5CBEC8}.Debug|Any CPU.ActiveCfg = Debug|Any CPU
		{AAD9D875-79B8-4A34-9354-47DA2A5CBEC8}.Debug|Any CPU.Build.0 = Debug|Any CPU
		{AAD9D875-79B8-4A34-9354-47DA2A5CBEC8}.Release|Any CPU.ActiveCfg = Release|Any CPU
		{AAD9D875-79B8-4A34-9354-47DA2A5CBEC8}.Release|Any CPU.Build.0 = Release|Any CPU
	EndGlobalSection
	GlobalSection(SolutionProperties) = preSolution
		HideSolutionNode = FALSE
	EndGlobalSection
	GlobalSection(ExtensibilityGlobals) = postSolution
		SolutionGuid = {83CE67DC-40DD-4052-82F2-651DB7811368}
	EndGlobalSection
EndGlobal
