
Microsoft Visual Studio Solution File, Format Version 12.00
# Visual Studio Version 17
VisualStudioVersion = 17.11.35312.102
MinimumVisualStudioVersion = 10.0.40219.1
Project("{9A19103F-16F7-4668-BE54-9A1E7A4F7556}") = "BlazorWebassembly.Client", "BlazorWebassembly.Client\BlazorWebassembly.Client.csproj", "{E046A00A-C9EC-4777-BCA7-A99E47ADCB6C}"
EndProject
Project("{9A19103F-16F7-4668-BE54-9A1E7A4F7556}") = "Shop.Shared", "Shop.Shared\Shop.Shared.csproj", "{DE8C815D-E639-49D9-A9B9-14504EF3F3E1}"
EndProject
Project("{2150E333-8FDC-42A3-9474-1A3956D46DE8}") = "Solution Items", "Solution Items", "{27D8CD45-5825-4CDD-9E6E-45C2F71770D3}"
	ProjectSection(SolutionItems) = preProject
		Filter1.png = Filter1.png
		Filter2.png = Filter2.png
		podsumowanie.txt = podsumowanie.txt
		Search.png = Search.png
	EndProjectSection
EndProject
Project("{9A19103F-16F7-4668-BE54-9A1E7A4F7556}") = "Shop.API", "Shop.API\Shop.API.csproj", "{25ADB324-EC4B-454C-AEDF-3120E08ECD9E}"
EndProject
Project("{9A19103F-16F7-4668-BE54-9A1E7A4F7556}") = "Shop.DataSeeder", "Shop.DataSeeder\Shop.DataSeeder.csproj", "{6842A402-0CEA-403C-8411-2FFE13CC2597}"
EndProject
Project("{FAE04EC0-301F-11D3-BF4B-00C04F79EFBC}") = "Maui.Client", "Maui.Client\Maui.Client.csproj", "{3E81C95B-C88C-40BA-B562-CE718EC3783C}"
EndProject
Global
	GlobalSection(SolutionConfigurationPlatforms) = preSolution
		Debug|Any CPU = Debug|Any CPU
		Release|Any CPU = Release|Any CPU
	EndGlobalSection
	GlobalSection(ProjectConfigurationPlatforms) = postSolution
		{E046A00A-C9EC-4777-BCA7-A99E47ADCB6C}.Debug|Any CPU.ActiveCfg = Debug|Any CPU
		{E046A00A-C9EC-4777-BCA7-A99E47ADCB6C}.Debug|Any CPU.Build.0 = Debug|Any CPU
		{E046A00A-C9EC-4777-BCA7-A99E47ADCB6C}.Release|Any CPU.ActiveCfg = Release|Any CPU
		{E046A00A-C9EC-4777-BCA7-A99E47ADCB6C}.Release|Any CPU.Build.0 = Release|Any CPU
		{DE8C815D-E639-49D9-A9B9-14504EF3F3E1}.Debug|Any CPU.ActiveCfg = Debug|Any CPU
		{DE8C815D-E639-49D9-A9B9-14504EF3F3E1}.Debug|Any CPU.Build.0 = Debug|Any CPU
		{DE8C815D-E639-49D9-A9B9-14504EF3F3E1}.Release|Any CPU.ActiveCfg = Release|Any CPU
		{DE8C815D-E639-49D9-A9B9-14504EF3F3E1}.Release|Any CPU.Build.0 = Release|Any CPU
		{25ADB324-EC4B-454C-AEDF-3120E08ECD9E}.Debug|Any CPU.ActiveCfg = Debug|Any CPU
		{25ADB324-EC4B-454C-AEDF-3120E08ECD9E}.Debug|Any CPU.Build.0 = Debug|Any CPU
		{25ADB324-EC4B-454C-AEDF-3120E08ECD9E}.Release|Any CPU.ActiveCfg = Release|Any CPU
		{25ADB324-EC4B-454C-AEDF-3120E08ECD9E}.Release|Any CPU.Build.0 = Release|Any CPU
		{6842A402-0CEA-403C-8411-2FFE13CC2597}.Debug|Any CPU.ActiveCfg = Debug|Any CPU
		{6842A402-0CEA-403C-8411-2FFE13CC2597}.Debug|Any CPU.Build.0 = Debug|Any CPU
		{6842A402-0CEA-403C-8411-2FFE13CC2597}.Release|Any CPU.ActiveCfg = Release|Any CPU
		{6842A402-0CEA-403C-8411-2FFE13CC2597}.Release|Any CPU.Build.0 = Release|Any CPU
		{3E81C95B-C88C-40BA-B562-CE718EC3783C}.Debug|Any CPU.ActiveCfg = Debug|Any CPU
		{3E81C95B-C88C-40BA-B562-CE718EC3783C}.Debug|Any CPU.Build.0 = Debug|Any CPU
		{3E81C95B-C88C-40BA-B562-CE718EC3783C}.Debug|Any CPU.Deploy.0 = Debug|Any CPU
		{3E81C95B-C88C-40BA-B562-CE718EC3783C}.Release|Any CPU.ActiveCfg = Release|Any CPU
		{3E81C95B-C88C-40BA-B562-CE718EC3783C}.Release|Any CPU.Build.0 = Release|Any CPU
		{3E81C95B-C88C-40BA-B562-CE718EC3783C}.Release|Any CPU.Deploy.0 = Release|Any CPU
	EndGlobalSection
	GlobalSection(SolutionProperties) = preSolution
		HideSolutionNode = FALSE
	EndGlobalSection
	GlobalSection(ExtensibilityGlobals) = postSolution
		SolutionGuid = {83CE67DC-40DD-4052-82F2-651DB7811368}
	EndGlobalSection
EndGlobal
